
Microsoft Visual Studio Solution File, Format Version 12.00
Project("{FAE04EC0-301F-11D3-BF4B-00C04F79EFBC}") = "HireFlow.WebApi", "HireFlow.WebApi\HireFlow.WebApi.csproj", "{16980E60-11C6-484E-9D5B-247FFDCC7031}"
EndProject
Project("{2150E333-8FDC-42A3-9474-1A3956D46DE8}") = "Presentation", "Presentation", "{260C1714-548A-4476-BBB2-091DE0F278AB}"
EndProject
Project("{2150E333-8FDC-42A3-9474-1A3956D46DE8}") = "Domain", "Domain", "{4C4995AE-CE48-4DB8-A8EB-FD983007C90F}"
EndProject
Project("{2150E333-8FDC-42A3-9474-1A3956D46DE8}") = "Infrastructure", "Infrastructure", "{0CF2935A-BDDD-4255-9E73-E6F5080C3AF6}"
EndProject
Project("{2150E333-8FDC-42A3-9474-1A3956D46DE8}") = "Business", "Business", "{FA275AD0-890B-434E-8210-9FA9E03246D1}"
EndProject
Project("{FAE04EC0-301F-11D3-BF4B-00C04F79EFBC}") = "HireFlow.Domain", "HireFlow.Domain\HireFlow.Domain.csproj", "{5B9D802B-F2E4-4AA2-BD1C-F2B6F4DDCD2C}"
EndProject
Project("{FAE04EC0-301F-11D3-BF4B-00C04F79EFBC}") = "HireFlow.Infrastructure", "HireFlow.Infrastructure\HireFlow.Infrastructure.csproj", "{F9FCA89D-CBDA-427C-8CEC-133914A88E3A}"
EndProject
Project("{FAE04EC0-301F-11D3-BF4B-00C04F79EFBC}") = "HireFlow.Business", "HireFlow.Business\HireFlow.Business.csproj", "{C2A7970B-886A-4599-BF1D-C3634DAB1DBC}"
EndProject
Project("{FAE04EC0-301F-11D3-BF4B-00C04F79EFBC}") = "HireFlow.Mvc", "HireFlow.Mvc\HireFlow.Mvc.csproj", "{0476A3B9-339E-4FAF-A7EF-C970D46ACD29}"
EndProject
Global
	GlobalSection(SolutionConfigurationPlatforms) = preSolution
		Debug|Any CPU = Debug|Any CPU
		Release|Any CPU = Release|Any CPU
	EndGlobalSection
	GlobalSection(ProjectConfigurationPlatforms) = postSolution
		{16980E60-11C6-484E-9D5B-247FFDCC7031}.Debug|Any CPU.ActiveCfg = Debug|Any CPU
		{16980E60-11C6-484E-9D5B-247FFDCC7031}.Debug|Any CPU.Build.0 = Debug|Any CPU
		{16980E60-11C6-484E-9D5B-247FFDCC7031}.Release|Any CPU.ActiveCfg = Release|Any CPU
		{16980E60-11C6-484E-9D5B-247FFDCC7031}.Release|Any CPU.Build.0 = Release|Any CPU
		{5B9D802B-F2E4-4AA2-BD1C-F2B6F4DDCD2C}.Debug|Any CPU.ActiveCfg = Debug|Any CPU
		{5B9D802B-F2E4-4AA2-BD1C-F2B6F4DDCD2C}.Debug|Any CPU.Build.0 = Debug|Any CPU
		{5B9D802B-F2E4-4AA2-BD1C-F2B6F4DDCD2C}.Release|Any CPU.ActiveCfg = Release|Any CPU
		{5B9D802B-F2E4-4AA2-BD1C-F2B6F4DDCD2C}.Release|Any CPU.Build.0 = Release|Any CPU
		{F9FCA89D-CBDA-427C-8CEC-133914A88E3A}.Debug|Any CPU.ActiveCfg = Debug|Any CPU
		{F9FCA89D-CBDA-427C-8CEC-133914A88E3A}.Debug|Any CPU.Build.0 = Debug|Any CPU
		{F9FCA89D-CBDA-427C-8CEC-133914A88E3A}.Release|Any CPU.ActiveCfg = Release|Any CPU
		{F9FCA89D-CBDA-427C-8CEC-133914A88E3A}.Release|Any CPU.Build.0 = Release|Any CPU
		{C2A7970B-886A-4599-BF1D-C3634DAB1DBC}.Debug|Any CPU.ActiveCfg = Debug|Any CPU
		{C2A7970B-886A-4599-BF1D-C3634DAB1DBC}.Debug|Any CPU.Build.0 = Debug|Any CPU
		{C2A7970B-886A-4599-BF1D-C3634DAB1DBC}.Release|Any CPU.ActiveCfg = Release|Any CPU
		{C2A7970B-886A-4599-BF1D-C3634DAB1DBC}.Release|Any CPU.Build.0 = Release|Any CPU
		{0476A3B9-339E-4FAF-A7EF-C970D46ACD29}.Debug|Any CPU.ActiveCfg = Debug|Any CPU
		{0476A3B9-339E-4FAF-A7EF-C970D46ACD29}.Debug|Any CPU.Build.0 = Debug|Any CPU
		{0476A3B9-339E-4FAF-A7EF-C970D46ACD29}.Release|Any CPU.ActiveCfg = Release|Any CPU
		{0476A3B9-339E-4FAF-A7EF-C970D46ACD29}.Release|Any CPU.Build.0 = Release|Any CPU
	EndGlobalSection
	GlobalSection(NestedProjects) = preSolution
		{16980E60-11C6-484E-9D5B-247FFDCC7031} = {260C1714-548A-4476-BBB2-091DE0F278AB}
		{5B9D802B-F2E4-4AA2-BD1C-F2B6F4DDCD2C} = {4C4995AE-CE48-4DB8-A8EB-FD983007C90F}
		{F9FCA89D-CBDA-427C-8CEC-133914A88E3A} = {0CF2935A-BDDD-4255-9E73-E6F5080C3AF6}
		{C2A7970B-886A-4599-BF1D-C3634DAB1DBC} = {FA275AD0-890B-434E-8210-9FA9E03246D1}
		{0476A3B9-339E-4FAF-A7EF-C970D46ACD29} = {260C1714-548A-4476-BBB2-091DE0F278AB}
	EndGlobalSection
EndGlobal
